
Microsoft Visual Studio Solution File, Format Version 12.00
# Visual Studio Version 17
VisualStudioVersion = 17.11.35327.3
MinimumVisualStudioVersion = 10.0.40219.1
Project("{FAE04EC0-301F-11D3-BF4B-00C04F79EFBC}") = "Checkout.Kata", "Checkout.Kata\Checkout.Kata.csproj", "{9CAFA8B1-D28E-441A-B1D6-CDDFB08AD6BD}"
EndProject
Project("{FAE04EC0-301F-11D3-BF4B-00C04F79EFBC}") = "Checkout.Kata.Tests", "Checkout.Kata.Tests\Checkout.Kata.Tests.csproj", "{70B0F74F-D221-4846-9F89-B430F8B4B047}"
EndProject
Global
	GlobalSection(SolutionConfigurationPlatforms) = preSolution
		Debug|Any CPU = Debug|Any CPU
		Release|Any CPU = Release|Any CPU
	EndGlobalSection
	GlobalSection(ProjectConfigurationPlatforms) = postSolution
		{9CAFA8B1-D28E-441A-B1D6-CDDFB08AD6BD}.Debug|Any CPU.ActiveCfg = Debug|Any CPU
		{9CAFA8B1-D28E-441A-B1D6-CDDFB08AD6BD}.Debug|Any CPU.Build.0 = Debug|Any CPU
		{9CAFA8B1-D28E-441A-B1D6-CDDFB08AD6BD}.Release|Any CPU.ActiveCfg = Release|Any CPU
		{9CAFA8B1-D28E-441A-B1D6-CDDFB08AD6BD}.Release|Any CPU.Build.0 = Release|Any CPU
		{70B0F74F-D221-4846-9F89-B430F8B4B047}.Debug|Any CPU.ActiveCfg = Debug|Any CPU
		{70B0F74F-D221-4846-9F89-B430F8B4B047}.Debug|Any CPU.Build.0 = Debug|Any CPU
		{70B0F74F-D221-4846-9F89-B430F8B4B047}.Release|Any CPU.ActiveCfg = Release|Any CPU
		{70B0F74F-D221-4846-9F89-B430F8B4B047}.Release|Any CPU.Build.0 = Release|Any CPU
	EndGlobalSection
	GlobalSection(SolutionProperties) = preSolution
		HideSolutionNode = FALSE
	EndGlobalSection
	GlobalSection(ExtensibilityGlobals) = postSolution
		SolutionGuid = {D30B8ACE-CEB9-47BA-B115-444DD17B3FDA}
	EndGlobalSection
EndGlobal
